// !$*UTF8*$!
{
	archiveVersion = 1;
	classes = {
	};
	objectVersion = 55;
	objects = {

/* Begin PBXBuildFile section */
		C05B448E273070FC004BF02F /* CookConversionApp.swift in Sources */ = {isa = PBXBuildFile; fileRef = C05B448D273070FC004BF02F /* CookConversionApp.swift */; };
		C05B4490273070FC004BF02F /* MainScreen.swift in Sources */ = {isa = PBXBuildFile; fileRef = C05B448F273070FC004BF02F /* MainScreen.swift */; };
		C05B44922730710C004BF02F /* Assets.xcassets in Resources */ = {isa = PBXBuildFile; fileRef = C05B44912730710C004BF02F /* Assets.xcassets */; };
		C05B44952730710C004BF02F /* Preview Assets.xcassets in Resources */ = {isa = PBXBuildFile; fileRef = C05B44942730710C004BF02F /* Preview Assets.xcassets */; };
		C05B449F2730710D004BF02F /* CookConversionTests.swift in Sources */ = {isa = PBXBuildFile; fileRef = C05B449E2730710D004BF02F /* CookConversionTests.swift */; };
		C05B44A92730710D004BF02F /* CookConversionUITests.swift in Sources */ = {isa = PBXBuildFile; fileRef = C05B44A82730710D004BF02F /* CookConversionUITests.swift */; };
		C05B44AB2730710D004BF02F /* CookConversionUITestsLaunchTests.swift in Sources */ = {isa = PBXBuildFile; fileRef = C05B44AA2730710D004BF02F /* CookConversionUITestsLaunchTests.swift */; };
		C07CFD8227316E7F00747568 /* ConversionTextField.swift in Sources */ = {isa = PBXBuildFile; fileRef = C07CFD8127316E7E00747568 /* ConversionTextField.swift */; };
		C07CFD842731790A00747568 /* ColorPalette.swift in Sources */ = {isa = PBXBuildFile; fileRef = C07CFD832731790A00747568 /* ColorPalette.swift */; };
		C07CFD8627317A9500747568 /* Constants.swift in Sources */ = {isa = PBXBuildFile; fileRef = C07CFD8527317A9500747568 /* Constants.swift */; };
		C07CFD8827317EE000747568 /* KeyboardResponder.swift in Sources */ = {isa = PBXBuildFile; fileRef = C07CFD8727317EE000747568 /* KeyboardResponder.swift */; };
		C07CFD942731A92900747568 /* CookConversionModel.swift in Sources */ = {isa = PBXBuildFile; fileRef = C07CFD932731A92900747568 /* CookConversionModel.swift */; };
		C07CFD962731AC7100747568 /* CookConversionViewModel.swift in Sources */ = {isa = PBXBuildFile; fileRef = C07CFD952731AC7100747568 /* CookConversionViewModel.swift */; };
		C07CFD982731B6BB00747568 /* UIApplication+StopShowingKeyboard.swift in Sources */ = {isa = PBXBuildFile; fileRef = C07CFD972731B6BB00747568 /* UIApplication+StopShowingKeyboard.swift */; };
		C08EE32327308A3900BD64AD /* View+RoundedCorner.swift in Sources */ = {isa = PBXBuildFile; fileRef = C08EE32227308A3900BD64AD /* View+RoundedCorner.swift */; };
		C08EE3272730B4FF00BD64AD /* TextBalloon.swift in Sources */ = {isa = PBXBuildFile; fileRef = C08EE3262730B4FF00BD64AD /* TextBalloon.swift */; };
		C08EE3292730B7CE00BD64AD /* TapDownButton.swift in Sources */ = {isa = PBXBuildFile; fileRef = C08EE3282730B7CE00BD64AD /* TapDownButton.swift */; };
		C091221C2738142300EE1D88 /* UserDefaultKeys.swift in Sources */ = {isa = PBXBuildFile; fileRef = C091221B2738142300EE1D88 /* UserDefaultKeys.swift */; };
		C091221E27383A5600EE1D88 /* Measure+GetMeasurementType.swift in Sources */ = {isa = PBXBuildFile; fileRef = C091221D27383A5600EE1D88 /* Measure+GetMeasurementType.swift */; };
		C092E5C6273233420088AB03 /* Double+Rounded.swift in Sources */ = {isa = PBXBuildFile; fileRef = C092E5C5273233420088AB03 /* Double+Rounded.swift */; };
		C097C1852732DDA0000D7763 /* ReadableScrollView.swift in Sources */ = {isa = PBXBuildFile; fileRef = C097C1842732DDA0000D7763 /* ReadableScrollView.swift */; };
		C098B0402734D001003F7CCA /* NavigationHandlerScreen.swift in Sources */ = {isa = PBXBuildFile; fileRef = C098B03F2734D001003F7CCA /* NavigationHandlerScreen.swift */; };
		C098B0462734D8EE003F7CCA /* TopSelectionSection.swift in Sources */ = {isa = PBXBuildFile; fileRef = C098B0452734D8EE003F7CCA /* TopSelectionSection.swift */; };
		C098B0482734D914003F7CCA /* ConversionResponses.swift in Sources */ = {isa = PBXBuildFile; fileRef = C098B0472734D914003F7CCA /* ConversionResponses.swift */; };
		C098B04A2734D946003F7CCA /* UserInputSection.swift in Sources */ = {isa = PBXBuildFile; fileRef = C098B0492734D946003F7CCA /* UserInputSection.swift */; };
		C098B04C2734D98B003F7CCA /* SettingsView.swift in Sources */ = {isa = PBXBuildFile; fileRef = C098B04B2734D98B003F7CCA /* SettingsView.swift */; };
		C0AAD6DA27356F1100D3EC89 /* Localizable.strings in Resources */ = {isa = PBXBuildFile; fileRef = C0AAD6DC27356F1100D3EC89 /* Localizable.strings */; };
		C0AAD6DF27357AF500D3EC89 /* LocalizedStringKey+StringValue.swift in Sources */ = {isa = PBXBuildFile; fileRef = C0AAD6DE27357AF500D3EC89 /* LocalizedStringKey+StringValue.swift */; };
		C0AAD6E12735937D00D3EC89 /* Utility.swift in Sources */ = {isa = PBXBuildFile; fileRef = C0AAD6E02735937D00D3EC89 /* Utility.swift */; };
		C0AAD6E72735D63E00D3EC89 /* Accessibility.swift in Sources */ = {isa = PBXBuildFile; fileRef = C0AAD6E62735D63E00D3EC89 /* Accessibility.swift */; };
		C0C97D7A27360E430042914F /* PreciseMeasure+getNameAndAbbreviated.swift in Sources */ = {isa = PBXBuildFile; fileRef = C0C97D7927360E430042914F /* PreciseMeasure+getNameAndAbbreviated.swift */; };
		C0C97D7C27360E870042914F /* CommonMeasure+getNameAndAbbreviated.swift in Sources */ = {isa = PBXBuildFile; fileRef = C0C97D7B27360E870042914F /* CommonMeasure+getNameAndAbbreviated.swift */; };
		C0C97D7E27360EBB0042914F /* Measure+getNameAndAbbreviated.swift in Sources */ = {isa = PBXBuildFile; fileRef = C0C97D7D27360EBB0042914F /* Measure+getNameAndAbbreviated.swift */; };
/* End PBXBuildFile section */

/* Begin PBXContainerItemProxy section */
		C05B449B2730710C004BF02F /* PBXContainerItemProxy */ = {
			isa = PBXContainerItemProxy;
			containerPortal = C05B4482273070FB004BF02F /* Project object */;
			proxyType = 1;
			remoteGlobalIDString = C05B4489273070FB004BF02F;
			remoteInfo = CookConversion;
		};
		C05B44A52730710D004BF02F /* PBXContainerItemProxy */ = {
			isa = PBXContainerItemProxy;
			containerPortal = C05B4482273070FB004BF02F /* Project object */;
			proxyType = 1;
			remoteGlobalIDString = C05B4489273070FB004BF02F;
			remoteInfo = CookConversion;
		};
/* End PBXContainerItemProxy section */

/* Begin PBXFileReference section */
		C05B448A273070FC004BF02F /* Cook Conversion.app */ = {isa = PBXFileReference; explicitFileType = wrapper.application; includeInIndex = 0; path = "Cook Conversion.app"; sourceTree = BUILT_PRODUCTS_DIR; };
		C05B448D273070FC004BF02F /* CookConversionApp.swift */ = {isa = PBXFileReference; lastKnownFileType = sourcecode.swift; path = CookConversionApp.swift; sourceTree = "<group>"; };
		C05B448F273070FC004BF02F /* MainScreen.swift */ = {isa = PBXFileReference; lastKnownFileType = sourcecode.swift; path = MainScreen.swift; sourceTree = "<group>"; };
		C05B44912730710C004BF02F /* Assets.xcassets */ = {isa = PBXFileReference; lastKnownFileType = folder.assetcatalog; path = Assets.xcassets; sourceTree = "<group>"; };
		C05B44942730710C004BF02F /* Preview Assets.xcassets */ = {isa = PBXFileReference; lastKnownFileType = folder.assetcatalog; path = "Preview Assets.xcassets"; sourceTree = "<group>"; };
		C05B449A2730710C004BF02F /* CookConversionTests.xctest */ = {isa = PBXFileReference; explicitFileType = wrapper.cfbundle; includeInIndex = 0; path = CookConversionTests.xctest; sourceTree = BUILT_PRODUCTS_DIR; };
		C05B449E2730710D004BF02F /* CookConversionTests.swift */ = {isa = PBXFileReference; lastKnownFileType = sourcecode.swift; path = CookConversionTests.swift; sourceTree = "<group>"; };
		C05B44A42730710D004BF02F /* CookConversionUITests.xctest */ = {isa = PBXFileReference; explicitFileType = wrapper.cfbundle; includeInIndex = 0; path = CookConversionUITests.xctest; sourceTree = BUILT_PRODUCTS_DIR; };
		C05B44A82730710D004BF02F /* CookConversionUITests.swift */ = {isa = PBXFileReference; lastKnownFileType = sourcecode.swift; path = CookConversionUITests.swift; sourceTree = "<group>"; };
		C05B44AA2730710D004BF02F /* CookConversionUITestsLaunchTests.swift */ = {isa = PBXFileReference; lastKnownFileType = sourcecode.swift; path = CookConversionUITestsLaunchTests.swift; sourceTree = "<group>"; };
		C07CFD8127316E7E00747568 /* ConversionTextField.swift */ = {isa = PBXFileReference; lastKnownFileType = sourcecode.swift; path = ConversionTextField.swift; sourceTree = "<group>"; };
		C07CFD832731790A00747568 /* ColorPalette.swift */ = {isa = PBXFileReference; lastKnownFileType = sourcecode.swift; path = ColorPalette.swift; sourceTree = "<group>"; };
		C07CFD8527317A9500747568 /* Constants.swift */ = {isa = PBXFileReference; lastKnownFileType = sourcecode.swift; path = Constants.swift; sourceTree = "<group>"; };
		C07CFD8727317EE000747568 /* KeyboardResponder.swift */ = {isa = PBXFileReference; lastKnownFileType = sourcecode.swift; path = KeyboardResponder.swift; sourceTree = "<group>"; };
		C07CFD932731A92900747568 /* CookConversionModel.swift */ = {isa = PBXFileReference; lastKnownFileType = sourcecode.swift; path = CookConversionModel.swift; sourceTree = "<group>"; };
		C07CFD952731AC7100747568 /* CookConversionViewModel.swift */ = {isa = PBXFileReference; lastKnownFileType = sourcecode.swift; name = CookConversionViewModel.swift; path = CookConversion/Model/CookConversionViewModel.swift; sourceTree = SOURCE_ROOT; };
		C07CFD972731B6BB00747568 /* UIApplication+StopShowingKeyboard.swift */ = {isa = PBXFileReference; lastKnownFileType = sourcecode.swift; path = "UIApplication+StopShowingKeyboard.swift"; sourceTree = "<group>"; };
		C08EE32227308A3900BD64AD /* View+RoundedCorner.swift */ = {isa = PBXFileReference; lastKnownFileType = sourcecode.swift; path = "View+RoundedCorner.swift"; sourceTree = "<group>"; };
		C08EE3262730B4FF00BD64AD /* TextBalloon.swift */ = {isa = PBXFileReference; lastKnownFileType = sourcecode.swift; path = TextBalloon.swift; sourceTree = "<group>"; };
		C08EE3282730B7CE00BD64AD /* TapDownButton.swift */ = {isa = PBXFileReference; lastKnownFileType = sourcecode.swift; path = TapDownButton.swift; sourceTree = "<group>"; };
		C091221B2738142300EE1D88 /* UserDefaultKeys.swift */ = {isa = PBXFileReference; lastKnownFileType = sourcecode.swift; path = UserDefaultKeys.swift; sourceTree = "<group>"; };
		C091221D27383A5600EE1D88 /* Measure+GetMeasurementType.swift */ = {isa = PBXFileReference; lastKnownFileType = sourcecode.swift; path = "Measure+GetMeasurementType.swift"; sourceTree = "<group>"; };
		C092E5C5273233420088AB03 /* Double+Rounded.swift */ = {isa = PBXFileReference; lastKnownFileType = sourcecode.swift; path = "Double+Rounded.swift"; sourceTree = "<group>"; };
		C097C1842732DDA0000D7763 /* ReadableScrollView.swift */ = {isa = PBXFileReference; lastKnownFileType = sourcecode.swift; path = ReadableScrollView.swift; sourceTree = "<group>"; };
		C098B03F2734D001003F7CCA /* NavigationHandlerScreen.swift */ = {isa = PBXFileReference; lastKnownFileType = sourcecode.swift; path = NavigationHandlerScreen.swift; sourceTree = "<group>"; };
		C098B0452734D8EE003F7CCA /* TopSelectionSection.swift */ = {isa = PBXFileReference; lastKnownFileType = sourcecode.swift; path = TopSelectionSection.swift; sourceTree = "<group>"; };
		C098B0472734D914003F7CCA /* ConversionResponses.swift */ = {isa = PBXFileReference; lastKnownFileType = sourcecode.swift; path = ConversionResponses.swift; sourceTree = "<group>"; };
		C098B0492734D946003F7CCA /* UserInputSection.swift */ = {isa = PBXFileReference; lastKnownFileType = sourcecode.swift; path = UserInputSection.swift; sourceTree = "<group>"; };
		C098B04B2734D98B003F7CCA /* SettingsView.swift */ = {isa = PBXFileReference; lastKnownFileType = sourcecode.swift; path = SettingsView.swift; sourceTree = "<group>"; };
		C09B78A6273A0FD00077BF02 /* Info.plist */ = {isa = PBXFileReference; lastKnownFileType = text.plist; path = Info.plist; sourceTree = "<group>"; };
		C0AAD6DB27356F1100D3EC89 /* en */ = {isa = PBXFileReference; lastKnownFileType = text.plist.strings; name = en; path = en.lproj/Localizable.strings; sourceTree = "<group>"; };
		C0AAD6DD27356F6000D3EC89 /* pt-BR */ = {isa = PBXFileReference; lastKnownFileType = text.plist.strings; name = "pt-BR"; path = "pt-BR.lproj/Localizable.strings"; sourceTree = "<group>"; };
		C0AAD6DE27357AF500D3EC89 /* LocalizedStringKey+StringValue.swift */ = {isa = PBXFileReference; lastKnownFileType = sourcecode.swift; path = "LocalizedStringKey+StringValue.swift"; sourceTree = "<group>"; };
		C0AAD6E02735937D00D3EC89 /* Utility.swift */ = {isa = PBXFileReference; lastKnownFileType = sourcecode.swift; path = Utility.swift; sourceTree = "<group>"; };
		C0AAD6E2273599B500D3EC89 /* es */ = {isa = PBXFileReference; lastKnownFileType = text.plist.strings; name = es; path = es.lproj/Localizable.strings; sourceTree = "<group>"; };
		C0AAD6E32735A2D100D3EC89 /* fr */ = {isa = PBXFileReference; lastKnownFileType = text.plist.strings; name = fr; path = fr.lproj/Localizable.strings; sourceTree = "<group>"; };
		C0AAD6E52735BA7E00D3EC89 /* zh-Hans */ = {isa = PBXFileReference; lastKnownFileType = text.plist.strings; name = "zh-Hans"; path = "zh-Hans.lproj/Localizable.strings"; sourceTree = "<group>"; };
		C0AAD6E62735D63E00D3EC89 /* Accessibility.swift */ = {isa = PBXFileReference; lastKnownFileType = sourcecode.swift; path = Accessibility.swift; sourceTree = "<group>"; };
		C0C97D7927360E430042914F /* PreciseMeasure+getNameAndAbbreviated.swift */ = {isa = PBXFileReference; lastKnownFileType = sourcecode.swift; path = "PreciseMeasure+getNameAndAbbreviated.swift"; sourceTree = "<group>"; };
		C0C97D7B27360E870042914F /* CommonMeasure+getNameAndAbbreviated.swift */ = {isa = PBXFileReference; lastKnownFileType = sourcecode.swift; path = "CommonMeasure+getNameAndAbbreviated.swift"; sourceTree = "<group>"; };
		C0C97D7D27360EBB0042914F /* Measure+getNameAndAbbreviated.swift */ = {isa = PBXFileReference; lastKnownFileType = sourcecode.swift; path = "Measure+getNameAndAbbreviated.swift"; sourceTree = "<group>"; };
/* End PBXFileReference section */

/* Begin PBXFrameworksBuildPhase section */
		C05B4487273070FB004BF02F /* Frameworks */ = {
			isa = PBXFrameworksBuildPhase;
			buildActionMask = 2147483647;
			files = (
			);
			runOnlyForDeploymentPostprocessing = 0;
		};
		C05B44972730710C004BF02F /* Frameworks */ = {
			isa = PBXFrameworksBuildPhase;
			buildActionMask = 2147483647;
			files = (
			);
			runOnlyForDeploymentPostprocessing = 0;
		};
		C05B44A12730710D004BF02F /* Frameworks */ = {
			isa = PBXFrameworksBuildPhase;
			buildActionMask = 2147483647;
			files = (
			);
			runOnlyForDeploymentPostprocessing = 0;
		};
/* End PBXFrameworksBuildPhase section */

/* Begin PBXGroup section */
		C05B4481273070FB004BF02F = {
			isa = PBXGroup;
			children = (
				C05B448C273070FC004BF02F /* CookConversion */,
				C05B449D2730710C004BF02F /* CookConversionTests */,
				C05B44A72730710D004BF02F /* CookConversionUITests */,
				C05B448B273070FC004BF02F /* Products */,
			);
			sourceTree = "<group>";
		};
		C05B448B273070FC004BF02F /* Products */ = {
			isa = PBXGroup;
			children = (
				C05B448A273070FC004BF02F /* Cook Conversion.app */,
				C05B449A2730710C004BF02F /* CookConversionTests.xctest */,
				C05B44A42730710D004BF02F /* CookConversionUITests.xctest */,
			);
			name = Products;
			sourceTree = "<group>";
		};
		C05B448C273070FC004BF02F /* CookConversion */ = {
			isa = PBXGroup;
			children = (
				C09B78A6273A0FD00077BF02 /* Info.plist */,
				C07CFD892731A84C00747568 /* Screens(Views) */,
				C07CFD8A2731A85A00747568 /* ViewModel */,
				C07CFD8B2731A86300747568 /* Model */,
				C07CFD8E2731A8A700747568 /* CustomViews */,
				C07CFD912731A8F200747568 /* Auxiliary */,
				C05B448D273070FC004BF02F /* CookConversionApp.swift */,
				C0AAD6D927356E1A00D3EC89 /* Resources */,
				C05B44932730710C004BF02F /* Preview Content */,
			);
			path = CookConversion;
			sourceTree = "<group>";
		};
		C05B44932730710C004BF02F /* Preview Content */ = {
			isa = PBXGroup;
			children = (
				C05B44942730710C004BF02F /* Preview Assets.xcassets */,
			);
			path = "Preview Content";
			sourceTree = "<group>";
		};
		C05B449D2730710C004BF02F /* CookConversionTests */ = {
			isa = PBXGroup;
			children = (
				C05B449E2730710D004BF02F /* CookConversionTests.swift */,
			);
			path = CookConversionTests;
			sourceTree = "<group>";
		};
		C05B44A72730710D004BF02F /* CookConversionUITests */ = {
			isa = PBXGroup;
			children = (
				C05B44A82730710D004BF02F /* CookConversionUITests.swift */,
				C05B44AA2730710D004BF02F /* CookConversionUITestsLaunchTests.swift */,
			);
			path = CookConversionUITests;
			sourceTree = "<group>";
		};
		C07CFD892731A84C00747568 /* Screens(Views) */ = {
			isa = PBXGroup;
			children = (
				C098B0432734D734003F7CCA /* MainScreen */,
				C098B03F2734D001003F7CCA /* NavigationHandlerScreen.swift */,
			);
			path = "Screens(Views)";
			sourceTree = "<group>";
		};
		C07CFD8A2731A85A00747568 /* ViewModel */ = {
			isa = PBXGroup;
			children = (
				C07CFD952731AC7100747568 /* CookConversionViewModel.swift */,
			);
			path = ViewModel;
			sourceTree = "<group>";
		};
		C07CFD8B2731A86300747568 /* Model */ = {
			isa = PBXGroup;
			children = (
				C07CFD932731A92900747568 /* CookConversionModel.swift */,
			);
			path = Model;
			sourceTree = "<group>";
		};
		C07CFD8E2731A8A700747568 /* CustomViews */ = {
			isa = PBXGroup;
			children = (
				C08EE3282730B7CE00BD64AD /* TapDownButton.swift */,
				C097C1842732DDA0000D7763 /* ReadableScrollView.swift */,
				C08EE3262730B4FF00BD64AD /* TextBalloon.swift */,
				C07CFD8127316E7E00747568 /* ConversionTextField.swift */,
			);
			path = CustomViews;
			sourceTree = "<group>";
		};
		C07CFD912731A8F200747568 /* Auxiliary */ = {
			isa = PBXGroup;
			children = (
				C07CFD922731A90900747568 /* Extensions */,
				C07CFD8727317EE000747568 /* KeyboardResponder.swift */,
				C0AAD6E02735937D00D3EC89 /* Utility.swift */,
				C0AAD6E62735D63E00D3EC89 /* Accessibility.swift */,
				C07CFD8527317A9500747568 /* Constants.swift */,
				C091221B2738142300EE1D88 /* UserDefaultKeys.swift */,
			);
			path = Auxiliary;
			sourceTree = "<group>";
		};
		C07CFD922731A90900747568 /* Extensions */ = {
			isa = PBXGroup;
			children = (
				C08EE32227308A3900BD64AD /* View+RoundedCorner.swift */,
				C091221D27383A5600EE1D88 /* Measure+GetMeasurementType.swift */,
				C07CFD972731B6BB00747568 /* UIApplication+StopShowingKeyboard.swift */,
				C092E5C5273233420088AB03 /* Double+Rounded.swift */,
				C07CFD832731790A00747568 /* ColorPalette.swift */,
				C0AAD6DE27357AF500D3EC89 /* LocalizedStringKey+StringValue.swift */,
				C0C97D7927360E430042914F /* PreciseMeasure+getNameAndAbbreviated.swift */,
				C0C97D7D27360EBB0042914F /* Measure+getNameAndAbbreviated.swift */,
				C0C97D7B27360E870042914F /* CommonMeasure+getNameAndAbbreviated.swift */,
			);
			path = Extensions;
			sourceTree = "<group>";
		};
		C098B0432734D734003F7CCA /* MainScreen */ = {
			isa = PBXGroup;
			children = (
				C05B448F273070FC004BF02F /* MainScreen.swift */,
				C098B0442734D740003F7CCA /* SubViews */,
			);
			path = MainScreen;
			sourceTree = "<group>";
		};
		C098B0442734D740003F7CCA /* SubViews */ = {
			isa = PBXGroup;
			children = (
				C098B0452734D8EE003F7CCA /* TopSelectionSection.swift */,
				C098B04B2734D98B003F7CCA /* SettingsView.swift */,
				C098B0492734D946003F7CCA /* UserInputSection.swift */,
				C098B0472734D914003F7CCA /* ConversionResponses.swift */,
			);
			path = SubViews;
			sourceTree = "<group>";
		};
		C0AAD6D927356E1A00D3EC89 /* Resources */ = {
			isa = PBXGroup;
			children = (
				C0AAD6DC27356F1100D3EC89 /* Localizable.strings */,
				C05B44912730710C004BF02F /* Assets.xcassets */,
			);
			path = Resources;
			sourceTree = "<group>";
		};
/* End PBXGroup section */

/* Begin PBXNativeTarget section */
		C05B4489273070FB004BF02F /* CookConversion */ = {
			isa = PBXNativeTarget;
			buildConfigurationList = C05B44AE2730710D004BF02F /* Build configuration list for PBXNativeTarget "CookConversion" */;
			buildPhases = (
				C05B4486273070FB004BF02F /* Sources */,
				C05B4487273070FB004BF02F /* Frameworks */,
				C05B4488273070FB004BF02F /* Resources */,
			);
			buildRules = (
			);
			dependencies = (
			);
			name = CookConversion;
			productName = CookConversion;
			productReference = C05B448A273070FC004BF02F /* Cook Conversion.app */;
			productType = "com.apple.product-type.application";
		};
		C05B44992730710C004BF02F /* CookConversionTests */ = {
			isa = PBXNativeTarget;
			buildConfigurationList = C05B44B12730710D004BF02F /* Build configuration list for PBXNativeTarget "CookConversionTests" */;
			buildPhases = (
				C05B44962730710C004BF02F /* Sources */,
				C05B44972730710C004BF02F /* Frameworks */,
				C05B44982730710C004BF02F /* Resources */,
			);
			buildRules = (
			);
			dependencies = (
				C05B449C2730710C004BF02F /* PBXTargetDependency */,
			);
			name = CookConversionTests;
			productName = CookConversionTests;
			productReference = C05B449A2730710C004BF02F /* CookConversionTests.xctest */;
			productType = "com.apple.product-type.bundle.unit-test";
		};
		C05B44A32730710D004BF02F /* CookConversionUITests */ = {
			isa = PBXNativeTarget;
			buildConfigurationList = C05B44B42730710D004BF02F /* Build configuration list for PBXNativeTarget "CookConversionUITests" */;
			buildPhases = (
				C05B44A02730710D004BF02F /* Sources */,
				C05B44A12730710D004BF02F /* Frameworks */,
				C05B44A22730710D004BF02F /* Resources */,
			);
			buildRules = (
			);
			dependencies = (
				C05B44A62730710D004BF02F /* PBXTargetDependency */,
			);
			name = CookConversionUITests;
			productName = CookConversionUITests;
			productReference = C05B44A42730710D004BF02F /* CookConversionUITests.xctest */;
			productType = "com.apple.product-type.bundle.ui-testing";
		};
/* End PBXNativeTarget section */

/* Begin PBXProject section */
		C05B4482273070FB004BF02F /* Project object */ = {
			isa = PBXProject;
			attributes = {
				BuildIndependentTargetsInParallel = 1;
				LastSwiftUpdateCheck = 1300;
				LastUpgradeCheck = 1300;
				TargetAttributes = {
					C05B4489273070FB004BF02F = {
						CreatedOnToolsVersion = 13.0;
					};
					C05B44992730710C004BF02F = {
						CreatedOnToolsVersion = 13.0;
						TestTargetID = C05B4489273070FB004BF02F;
					};
					C05B44A32730710D004BF02F = {
						CreatedOnToolsVersion = 13.0;
						TestTargetID = C05B4489273070FB004BF02F;
					};
				};
			};
			buildConfigurationList = C05B4485273070FB004BF02F /* Build configuration list for PBXProject "CookConversion" */;
			compatibilityVersion = "Xcode 13.0";
			developmentRegion = en;
			hasScannedForEncodings = 0;
			knownRegions = (
				en,
				Base,
				"pt-BR",
				es,
				fr,
				"zh-Hans",
			);
			mainGroup = C05B4481273070FB004BF02F;
			productRefGroup = C05B448B273070FC004BF02F /* Products */;
			projectDirPath = "";
			projectRoot = "";
			targets = (
				C05B4489273070FB004BF02F /* CookConversion */,
				C05B44992730710C004BF02F /* CookConversionTests */,
				C05B44A32730710D004BF02F /* CookConversionUITests */,
			);
		};
/* End PBXProject section */

/* Begin PBXResourcesBuildPhase section */
		C05B4488273070FB004BF02F /* Resources */ = {
			isa = PBXResourcesBuildPhase;
			buildActionMask = 2147483647;
			files = (
				C05B44952730710C004BF02F /* Preview Assets.xcassets in Resources */,
				C0AAD6DA27356F1100D3EC89 /* Localizable.strings in Resources */,
				C05B44922730710C004BF02F /* Assets.xcassets in Resources */,
			);
			runOnlyForDeploymentPostprocessing = 0;
		};
		C05B44982730710C004BF02F /* Resources */ = {
			isa = PBXResourcesBuildPhase;
			buildActionMask = 2147483647;
			files = (
			);
			runOnlyForDeploymentPostprocessing = 0;
		};
		C05B44A22730710D004BF02F /* Resources */ = {
			isa = PBXResourcesBuildPhase;
			buildActionMask = 2147483647;
			files = (
			);
			runOnlyForDeploymentPostprocessing = 0;
		};
/* End PBXResourcesBuildPhase section */

/* Begin PBXSourcesBuildPhase section */
		C05B4486273070FB004BF02F /* Sources */ = {
			isa = PBXSourcesBuildPhase;
			buildActionMask = 2147483647;
			files = (
				C091221E27383A5600EE1D88 /* Measure+GetMeasurementType.swift in Sources */,
				C098B04C2734D98B003F7CCA /* SettingsView.swift in Sources */,
				C07CFD842731790A00747568 /* ColorPalette.swift in Sources */,
				C08EE3272730B4FF00BD64AD /* TextBalloon.swift in Sources */,
				C098B0462734D8EE003F7CCA /* TopSelectionSection.swift in Sources */,
				C07CFD8227316E7F00747568 /* ConversionTextField.swift in Sources */,
				C08EE32327308A3900BD64AD /* View+RoundedCorner.swift in Sources */,
				C05B4490273070FC004BF02F /* MainScreen.swift in Sources */,
				C07CFD8827317EE000747568 /* KeyboardResponder.swift in Sources */,
				C098B0482734D914003F7CCA /* ConversionResponses.swift in Sources */,
				C05B448E273070FC004BF02F /* CookConversionApp.swift in Sources */,
				C092E5C6273233420088AB03 /* Double+Rounded.swift in Sources */,
				C0AAD6DF27357AF500D3EC89 /* LocalizedStringKey+StringValue.swift in Sources */,
				C091221C2738142300EE1D88 /* UserDefaultKeys.swift in Sources */,
				C07CFD942731A92900747568 /* CookConversionModel.swift in Sources */,
				C0C97D7C27360E870042914F /* CommonMeasure+getNameAndAbbreviated.swift in Sources */,
				C07CFD982731B6BB00747568 /* UIApplication+StopShowingKeyboard.swift in Sources */,
				C08EE3292730B7CE00BD64AD /* TapDownButton.swift in Sources */,
				C07CFD8627317A9500747568 /* Constants.swift in Sources */,
				C097C1852732DDA0000D7763 /* ReadableScrollView.swift in Sources */,
				C0C97D7E27360EBB0042914F /* Measure+getNameAndAbbreviated.swift in Sources */,
				C098B04A2734D946003F7CCA /* UserInputSection.swift in Sources */,
				C07CFD962731AC7100747568 /* CookConversionViewModel.swift in Sources */,
				C098B0402734D001003F7CCA /* NavigationHandlerScreen.swift in Sources */,
				C0AAD6E72735D63E00D3EC89 /* Accessibility.swift in Sources */,
				C0C97D7A27360E430042914F /* PreciseMeasure+getNameAndAbbreviated.swift in Sources */,
				C0AAD6E12735937D00D3EC89 /* Utility.swift in Sources */,
			);
			runOnlyForDeploymentPostprocessing = 0;
		};
		C05B44962730710C004BF02F /* Sources */ = {
			isa = PBXSourcesBuildPhase;
			buildActionMask = 2147483647;
			files = (
				C05B449F2730710D004BF02F /* CookConversionTests.swift in Sources */,
			);
			runOnlyForDeploymentPostprocessing = 0;
		};
		C05B44A02730710D004BF02F /* Sources */ = {
			isa = PBXSourcesBuildPhase;
			buildActionMask = 2147483647;
			files = (
				C05B44AB2730710D004BF02F /* CookConversionUITestsLaunchTests.swift in Sources */,
				C05B44A92730710D004BF02F /* CookConversionUITests.swift in Sources */,
			);
			runOnlyForDeploymentPostprocessing = 0;
		};
/* End PBXSourcesBuildPhase section */

/* Begin PBXTargetDependency section */
		C05B449C2730710C004BF02F /* PBXTargetDependency */ = {
			isa = PBXTargetDependency;
			target = C05B4489273070FB004BF02F /* CookConversion */;
			targetProxy = C05B449B2730710C004BF02F /* PBXContainerItemProxy */;
		};
		C05B44A62730710D004BF02F /* PBXTargetDependency */ = {
			isa = PBXTargetDependency;
			target = C05B4489273070FB004BF02F /* CookConversion */;
			targetProxy = C05B44A52730710D004BF02F /* PBXContainerItemProxy */;
		};
/* End PBXTargetDependency section */

/* Begin PBXVariantGroup section */
		C0AAD6DC27356F1100D3EC89 /* Localizable.strings */ = {
			isa = PBXVariantGroup;
			children = (
				C0AAD6DB27356F1100D3EC89 /* en */,
				C0AAD6DD27356F6000D3EC89 /* pt-BR */,
				C0AAD6E2273599B500D3EC89 /* es */,
				C0AAD6E32735A2D100D3EC89 /* fr */,
				C0AAD6E52735BA7E00D3EC89 /* zh-Hans */,
			);
			name = Localizable.strings;
			sourceTree = "<group>";
		};
/* End PBXVariantGroup section */

/* Begin XCBuildConfiguration section */
		C05B44AC2730710D004BF02F /* Debug */ = {
			isa = XCBuildConfiguration;
			buildSettings = {
				ALWAYS_SEARCH_USER_PATHS = NO;
				CLANG_ANALYZER_LOCALIZABILITY_NONLOCALIZED = YES;
				CLANG_ANALYZER_NONNULL = YES;
				CLANG_ANALYZER_NUMBER_OBJECT_CONVERSION = YES_AGGRESSIVE;
				CLANG_CXX_LANGUAGE_STANDARD = "gnu++17";
				CLANG_CXX_LIBRARY = "libc++";
				CLANG_ENABLE_MODULES = YES;
				CLANG_ENABLE_OBJC_ARC = YES;
				CLANG_ENABLE_OBJC_WEAK = YES;
				CLANG_WARN_BLOCK_CAPTURE_AUTORELEASING = YES;
				CLANG_WARN_BOOL_CONVERSION = YES;
				CLANG_WARN_COMMA = YES;
				CLANG_WARN_CONSTANT_CONVERSION = YES;
				CLANG_WARN_DEPRECATED_OBJC_IMPLEMENTATIONS = YES;
				CLANG_WARN_DIRECT_OBJC_ISA_USAGE = YES_ERROR;
				CLANG_WARN_DOCUMENTATION_COMMENTS = YES;
				CLANG_WARN_EMPTY_BODY = YES;
				CLANG_WARN_ENUM_CONVERSION = YES;
				CLANG_WARN_INFINITE_RECURSION = YES;
				CLANG_WARN_INT_CONVERSION = YES;
				CLANG_WARN_NON_LITERAL_NULL_CONVERSION = YES;
				CLANG_WARN_OBJC_IMPLICIT_RETAIN_SELF = YES;
				CLANG_WARN_OBJC_LITERAL_CONVERSION = YES;
				CLANG_WARN_OBJC_ROOT_CLASS = YES_ERROR;
				CLANG_WARN_QUOTED_INCLUDE_IN_FRAMEWORK_HEADER = YES;
				CLANG_WARN_RANGE_LOOP_ANALYSIS = YES;
				CLANG_WARN_STRICT_PROTOTYPES = YES;
				CLANG_WARN_SUSPICIOUS_MOVE = YES;
				CLANG_WARN_UNGUARDED_AVAILABILITY = YES_AGGRESSIVE;
				CLANG_WARN_UNREACHABLE_CODE = YES;
				CLANG_WARN__DUPLICATE_METHOD_MATCH = YES;
				COPY_PHASE_STRIP = NO;
				DEBUG_INFORMATION_FORMAT = dwarf;
				ENABLE_STRICT_OBJC_MSGSEND = YES;
				ENABLE_TESTABILITY = YES;
				GCC_C_LANGUAGE_STANDARD = gnu11;
				GCC_DYNAMIC_NO_PIC = NO;
				GCC_NO_COMMON_BLOCKS = YES;
				GCC_OPTIMIZATION_LEVEL = 0;
				GCC_PREPROCESSOR_DEFINITIONS = (
					"DEBUG=1",
					"$(inherited)",
				);
				GCC_WARN_64_TO_32_BIT_CONVERSION = YES;
				GCC_WARN_ABOUT_RETURN_TYPE = YES_ERROR;
				GCC_WARN_UNDECLARED_SELECTOR = YES;
				GCC_WARN_UNINITIALIZED_AUTOS = YES_AGGRESSIVE;
				GCC_WARN_UNUSED_FUNCTION = YES;
				GCC_WARN_UNUSED_VARIABLE = YES;
				IPHONEOS_DEPLOYMENT_TARGET = 14.0;
				MTL_ENABLE_DEBUG_INFO = INCLUDE_SOURCE;
				MTL_FAST_MATH = YES;
				ONLY_ACTIVE_ARCH = YES;
				SDKROOT = iphoneos;
				SWIFT_ACTIVE_COMPILATION_CONDITIONS = DEBUG;
				SWIFT_OPTIMIZATION_LEVEL = "-Onone";
			};
			name = Debug;
		};
		C05B44AD2730710D004BF02F /* Release */ = {
			isa = XCBuildConfiguration;
			buildSettings = {
				ALWAYS_SEARCH_USER_PATHS = NO;
				CLANG_ANALYZER_LOCALIZABILITY_NONLOCALIZED = YES;
				CLANG_ANALYZER_NONNULL = YES;
				CLANG_ANALYZER_NUMBER_OBJECT_CONVERSION = YES_AGGRESSIVE;
				CLANG_CXX_LANGUAGE_STANDARD = "gnu++17";
				CLANG_CXX_LIBRARY = "libc++";
				CLANG_ENABLE_MODULES = YES;
				CLANG_ENABLE_OBJC_ARC = YES;
				CLANG_ENABLE_OBJC_WEAK = YES;
				CLANG_WARN_BLOCK_CAPTURE_AUTORELEASING = YES;
				CLANG_WARN_BOOL_CONVERSION = YES;
				CLANG_WARN_COMMA = YES;
				CLANG_WARN_CONSTANT_CONVERSION = YES;
				CLANG_WARN_DEPRECATED_OBJC_IMPLEMENTATIONS = YES;
				CLANG_WARN_DIRECT_OBJC_ISA_USAGE = YES_ERROR;
				CLANG_WARN_DOCUMENTATION_COMMENTS = YES;
				CLANG_WARN_EMPTY_BODY = YES;
				CLANG_WARN_ENUM_CONVERSION = YES;
				CLANG_WARN_INFINITE_RECURSION = YES;
				CLANG_WARN_INT_CONVERSION = YES;
				CLANG_WARN_NON_LITERAL_NULL_CONVERSION = YES;
				CLANG_WARN_OBJC_IMPLICIT_RETAIN_SELF = YES;
				CLANG_WARN_OBJC_LITERAL_CONVERSION = YES;
				CLANG_WARN_OBJC_ROOT_CLASS = YES_ERROR;
				CLANG_WARN_QUOTED_INCLUDE_IN_FRAMEWORK_HEADER = YES;
				CLANG_WARN_RANGE_LOOP_ANALYSIS = YES;
				CLANG_WARN_STRICT_PROTOTYPES = YES;
				CLANG_WARN_SUSPICIOUS_MOVE = YES;
				CLANG_WARN_UNGUARDED_AVAILABILITY = YES_AGGRESSIVE;
				CLANG_WARN_UNREACHABLE_CODE = YES;
				CLANG_WARN__DUPLICATE_METHOD_MATCH = YES;
				COPY_PHASE_STRIP = NO;
				DEBUG_INFORMATION_FORMAT = "dwarf-with-dsym";
				ENABLE_NS_ASSERTIONS = NO;
				ENABLE_STRICT_OBJC_MSGSEND = YES;
				GCC_C_LANGUAGE_STANDARD = gnu11;
				GCC_NO_COMMON_BLOCKS = YES;
				GCC_WARN_64_TO_32_BIT_CONVERSION = YES;
				GCC_WARN_ABOUT_RETURN_TYPE = YES_ERROR;
				GCC_WARN_UNDECLARED_SELECTOR = YES;
				GCC_WARN_UNINITIALIZED_AUTOS = YES_AGGRESSIVE;
				GCC_WARN_UNUSED_FUNCTION = YES;
				GCC_WARN_UNUSED_VARIABLE = YES;
				IPHONEOS_DEPLOYMENT_TARGET = 14.0;
				MTL_ENABLE_DEBUG_INFO = NO;
				MTL_FAST_MATH = YES;
				SDKROOT = iphoneos;
				SWIFT_COMPILATION_MODE = wholemodule;
				SWIFT_OPTIMIZATION_LEVEL = "-O";
				VALIDATE_PRODUCT = YES;
			};
			name = Release;
		};
		C05B44AF2730710D004BF02F /* Debug */ = {
			isa = XCBuildConfiguration;
			buildSettings = {
				ASSETCATALOG_COMPILER_APPICON_NAME = AppIcon;
				ASSETCATALOG_COMPILER_GLOBAL_ACCENT_COLOR_NAME = AccentColor;
				CODE_SIGN_STYLE = Automatic;
				CURRENT_PROJECT_VERSION = 1;
				DEVELOPMENT_ASSET_PATHS = "\"CookConversion/Preview Content\"";
				DEVELOPMENT_TEAM = YXP9U88588;
				ENABLE_PREVIEWS = YES;
				GENERATE_INFOPLIST_FILE = YES;
				INFOPLIST_FILE = CookConversion/Info.plist;
				INFOPLIST_KEY_UIApplicationSceneManifest_Generation = YES;
				INFOPLIST_KEY_UIApplicationSupportsIndirectInputEvents = YES;
				INFOPLIST_KEY_UILaunchScreen_Generation = YES;
				INFOPLIST_KEY_UISupportedInterfaceOrientations = UIInterfaceOrientationPortrait;
				INFOPLIST_KEY_UISupportedInterfaceOrientations_iPad = "UIInterfaceOrientationPortrait UIInterfaceOrientationPortraitUpsideDown UIInterfaceOrientationLandscapeLeft UIInterfaceOrientationLandscapeRight";
				INFOPLIST_KEY_UISupportedInterfaceOrientations_iPhone = UIInterfaceOrientationPortrait;
				IPHONEOS_DEPLOYMENT_TARGET = 14.0;
				LD_RUNPATH_SEARCH_PATHS = (
					"$(inherited)",
					"@executable_path/Frameworks",
				);
				MARKETING_VERSION = 1.0;
				PRODUCT_BUNDLE_IDENTIFIER = com.gabrieldm.CookConversion;
				PRODUCT_NAME = "Cook Conversion";
				SWIFT_EMIT_LOC_STRINGS = YES;
				SWIFT_VERSION = 5.0;
				TARGETED_DEVICE_FAMILY = "1,2";
			};
			name = Debug;
		};
		C05B44B02730710D004BF02F /* Release */ = {
			isa = XCBuildConfiguration;
			buildSettings = {
				ASSETCATALOG_COMPILER_APPICON_NAME = AppIcon;
				ASSETCATALOG_COMPILER_GLOBAL_ACCENT_COLOR_NAME = AccentColor;
				CODE_SIGN_STYLE = Automatic;
				CURRENT_PROJECT_VERSION = 1;
				DEVELOPMENT_ASSET_PATHS = "\"CookConversion/Preview Content\"";
				DEVELOPMENT_TEAM = YXP9U88588;
				ENABLE_PREVIEWS = YES;
				GENERATE_INFOPLIST_FILE = YES;
				INFOPLIST_FILE = CookConversion/Info.plist;
				INFOPLIST_KEY_UIApplicationSceneManifest_Generation = YES;
				INFOPLIST_KEY_UIApplicationSupportsIndirectInputEvents = YES;
				INFOPLIST_KEY_UILaunchScreen_Generation = YES;
				INFOPLIST_KEY_UISupportedInterfaceOrientations = UIInterfaceOrientationPortrait;
				INFOPLIST_KEY_UISupportedInterfaceOrientations_iPad = "UIInterfaceOrientationPortrait UIInterfaceOrientationPortraitUpsideDown UIInterfaceOrientationLandscapeLeft UIInterfaceOrientationLandscapeRight";
				INFOPLIST_KEY_UISupportedInterfaceOrientations_iPhone = UIInterfaceOrientationPortrait;
				IPHONEOS_DEPLOYMENT_TARGET = 14.0;
				LD_RUNPATH_SEARCH_PATHS = (
					"$(inherited)",
					"@executable_path/Frameworks",
				);
				MARKETING_VERSION = 1.0;
				PRODUCT_BUNDLE_IDENTIFIER = com.gabrieldm.CookConversion;
				PRODUCT_NAME = "Cook Conversion";
				SWIFT_EMIT_LOC_STRINGS = YES;
				SWIFT_VERSION = 5.0;
				TARGETED_DEVICE_FAMILY = "1,2";
			};
			name = Release;
		};
		C05B44B22730710D004BF02F /* Debug */ = {
			isa = XCBuildConfiguration;
			buildSettings = {
				ALWAYS_EMBED_SWIFT_STANDARD_LIBRARIES = YES;
				BUNDLE_LOADER = "$(TEST_HOST)";
				CODE_SIGN_STYLE = Automatic;
				CURRENT_PROJECT_VERSION = 1;
				DEVELOPMENT_TEAM = YXP9U88588;
				GENERATE_INFOPLIST_FILE = YES;
				IPHONEOS_DEPLOYMENT_TARGET = 14.0;
				LD_RUNPATH_SEARCH_PATHS = (
					"$(inherited)",
					"@executable_path/Frameworks",
					"@loader_path/Frameworks",
				);
				MARKETING_VERSION = 1.0;
				PRODUCT_BUNDLE_IDENTIFIER = com.gabrieldm.CookConversionTests;
				PRODUCT_NAME = "$(TARGET_NAME)";
				SWIFT_EMIT_LOC_STRINGS = NO;
				SWIFT_VERSION = 5.0;
				TARGETED_DEVICE_FAMILY = "1,2";
				TEST_HOST = "$(BUILT_PRODUCTS_DIR)/CookConversion.app/CookConversion";
			};
			name = Debug;
		};
		C05B44B32730710D004BF02F /* Release */ = {
			isa = XCBuildConfiguration;
			buildSettings = {
				ALWAYS_EMBED_SWIFT_STANDARD_LIBRARIES = YES;
				BUNDLE_LOADER = "$(TEST_HOST)";
				CODE_SIGN_STYLE = Automatic;
				CURRENT_PROJECT_VERSION = 1;
				DEVELOPMENT_TEAM = YXP9U88588;
				GENERATE_INFOPLIST_FILE = YES;
				IPHONEOS_DEPLOYMENT_TARGET = 14.0;
				LD_RUNPATH_SEARCH_PATHS = (
					"$(inherited)",
					"@executable_path/Frameworks",
					"@loader_path/Frameworks",
				);
				MARKETING_VERSION = 1.0;
				PRODUCT_BUNDLE_IDENTIFIER = com.gabrieldm.CookConversionTests;
				PRODUCT_NAME = "$(TARGET_NAME)";
				SWIFT_EMIT_LOC_STRINGS = NO;
				SWIFT_VERSION = 5.0;
				TARGETED_DEVICE_FAMILY = "1,2";
				TEST_HOST = "$(BUILT_PRODUCTS_DIR)/CookConversion.app/CookConversion";
			};
			name = Release;
		};
		C05B44B52730710D004BF02F /* Debug */ = {
			isa = XCBuildConfiguration;
			buildSettings = {
				ALWAYS_EMBED_SWIFT_STANDARD_LIBRARIES = YES;
				CODE_SIGN_STYLE = Automatic;
				CURRENT_PROJECT_VERSION = 1;
				DEVELOPMENT_TEAM = YXP9U88588;
				GENERATE_INFOPLIST_FILE = YES;
				LD_RUNPATH_SEARCH_PATHS = (
					"$(inherited)",
					"@executable_path/Frameworks",
					"@loader_path/Frameworks",
				);
				MARKETING_VERSION = 1.0;
				PRODUCT_BUNDLE_IDENTIFIER = com.gabrieldm.CookConversionUITests;
				PRODUCT_NAME = "$(TARGET_NAME)";
				SWIFT_EMIT_LOC_STRINGS = NO;
				SWIFT_VERSION = 5.0;
				TARGETED_DEVICE_FAMILY = "1,2";
				TEST_TARGET_NAME = CookConversion;
			};
			name = Debug;
		};
		C05B44B62730710D004BF02F /* Release */ = {
			isa = XCBuildConfiguration;
			buildSettings = {
				ALWAYS_EMBED_SWIFT_STANDARD_LIBRARIES = YES;
				CODE_SIGN_STYLE = Automatic;
				CURRENT_PROJECT_VERSION = 1;
				DEVELOPMENT_TEAM = YXP9U88588;
				GENERATE_INFOPLIST_FILE = YES;
				LD_RUNPATH_SEARCH_PATHS = (
					"$(inherited)",
					"@executable_path/Frameworks",
					"@loader_path/Frameworks",
				);
				MARKETING_VERSION = 1.0;
				PRODUCT_BUNDLE_IDENTIFIER = com.gabrieldm.CookConversionUITests;
				PRODUCT_NAME = "$(TARGET_NAME)";
				SWIFT_EMIT_LOC_STRINGS = NO;
				SWIFT_VERSION = 5.0;
				TARGETED_DEVICE_FAMILY = "1,2";
				TEST_TARGET_NAME = CookConversion;
			};
			name = Release;
		};
/* End XCBuildConfiguration section */

/* Begin XCConfigurationList section */
		C05B4485273070FB004BF02F /* Build configuration list for PBXProject "CookConversion" */ = {
			isa = XCConfigurationList;
			buildConfigurations = (
				C05B44AC2730710D004BF02F /* Debug */,
				C05B44AD2730710D004BF02F /* Release */,
			);
			defaultConfigurationIsVisible = 0;
			defaultConfigurationName = Release;
		};
		C05B44AE2730710D004BF02F /* Build configuration list for PBXNativeTarget "CookConversion" */ = {
			isa = XCConfigurationList;
			buildConfigurations = (
				C05B44AF2730710D004BF02F /* Debug */,
				C05B44B02730710D004BF02F /* Release */,
			);
			defaultConfigurationIsVisible = 0;
			defaultConfigurationName = Release;
		};
		C05B44B12730710D004BF02F /* Build configuration list for PBXNativeTarget "CookConversionTests" */ = {
			isa = XCConfigurationList;
			buildConfigurations = (
				C05B44B22730710D004BF02F /* Debug */,
				C05B44B32730710D004BF02F /* Release */,
			);
			defaultConfigurationIsVisible = 0;
			defaultConfigurationName = Release;
		};
		C05B44B42730710D004BF02F /* Build configuration list for PBXNativeTarget "CookConversionUITests" */ = {
			isa = XCConfigurationList;
			buildConfigurations = (
				C05B44B52730710D004BF02F /* Debug */,
				C05B44B62730710D004BF02F /* Release */,
			);
			defaultConfigurationIsVisible = 0;
			defaultConfigurationName = Release;
		};
/* End XCConfigurationList section */
	};
	rootObject = C05B4482273070FB004BF02F /* Project object */;
}
